
Microsoft Visual Studio Solution File, Format Version 12.00
# Visual Studio Version 16
VisualStudioVersion = 16.0.33214.272
MinimumVisualStudioVersion = 10.0.40219.1
Project("{FAE04EC0-301F-11D3-BF4B-00C04F79EFBC}") = "DMUBMSFrontOffice", "DMUBMSFrontOffice\DMUBMSFrontOffice.csproj", "{56E689FD-95EA-4D06-8326-364AFD439E3B}"
EndProject
Project("{FAE04EC0-301F-11D3-BF4B-00C04F79EFBC}") = "DMUBMSTesting", "DMUBMSTesting\DMUBMSTesting.csproj", "{F614A33C-098F-4B6F-A632-F705CD67FEF4}"
EndProject
Project("{FAE04EC0-301F-11D3-BF4B-00C04F79EFBC}") = "DMUBMSClasses", "DMUBMSClasses\DMUBMSClasses.csproj", "{09193AF0-077D-42C4-A475-034288DE2BF4}"
EndProject
Project("{FAE04EC0-301F-11D3-BF4B-00C04F79EFBC}") = "DMUBMSBackOffice", "DMUBMSBackOffice\DMUBMSBackOffice.csproj", "{DA9304A7-EBEA-47DB-91EE-AF59C6650BCB}"
EndProject
Global
	GlobalSection(SolutionConfigurationPlatforms) = preSolution
		Debug|Any CPU = Debug|Any CPU
		Release|Any CPU = Release|Any CPU
	EndGlobalSection
	GlobalSection(ProjectConfigurationPlatforms) = postSolution
		{56E689FD-95EA-4D06-8326-364AFD439E3B}.Debug|Any CPU.ActiveCfg = Debug|Any CPU
		{56E689FD-95EA-4D06-8326-364AFD439E3B}.Debug|Any CPU.Build.0 = Debug|Any CPU
		{56E689FD-95EA-4D06-8326-364AFD439E3B}.Release|Any CPU.ActiveCfg = Release|Any CPU
		{56E689FD-95EA-4D06-8326-364AFD439E3B}.Release|Any CPU.Build.0 = Release|Any CPU
		{F614A33C-098F-4B6F-A632-F705CD67FEF4}.Debug|Any CPU.ActiveCfg = Debug|Any CPU
		{F614A33C-098F-4B6F-A632-F705CD67FEF4}.Debug|Any CPU.Build.0 = Debug|Any CPU
		{F614A33C-098F-4B6F-A632-F705CD67FEF4}.Release|Any CPU.ActiveCfg = Release|Any CPU
		{F614A33C-098F-4B6F-A632-F705CD67FEF4}.Release|Any CPU.Build.0 = Release|Any CPU
		{09193AF0-077D-42C4-A475-034288DE2BF4}.Debug|Any CPU.ActiveCfg = Debug|Any CPU
		{09193AF0-077D-42C4-A475-034288DE2BF4}.Debug|Any CPU.Build.0 = Debug|Any CPU
		{09193AF0-077D-42C4-A475-034288DE2BF4}.Release|Any CPU.ActiveCfg = Release|Any CPU
		{09193AF0-077D-42C4-A475-034288DE2BF4}.Release|Any CPU.Build.0 = Release|Any CPU
		{DA9304A7-EBEA-47DB-91EE-AF59C6650BCB}.Debug|Any CPU.ActiveCfg = Debug|Any CPU
		{DA9304A7-EBEA-47DB-91EE-AF59C6650BCB}.Debug|Any CPU.Build.0 = Debug|Any CPU
		{DA9304A7-EBEA-47DB-91EE-AF59C6650BCB}.Release|Any CPU.ActiveCfg = Release|Any CPU
		{DA9304A7-EBEA-47DB-91EE-AF59C6650BCB}.Release|Any CPU.Build.0 = Release|Any CPU
	EndGlobalSection
	GlobalSection(SolutionProperties) = preSolution
		HideSolutionNode = FALSE
	EndGlobalSection
	GlobalSection(ExtensibilityGlobals) = postSolution
		SolutionGuid = {763D5762-E673-4765-8A5C-0C0470A6392A}
	EndGlobalSection
EndGlobal
